
Microsoft Visual Studio Solution File, Format Version 12.00
# Visual Studio 15
VisualStudioVersion = 15.0.28307.645
MinimumVisualStudioVersion = 10.0.40219.1
Project("{FAE04EC0-301F-11D3-BF4B-00C04F79EFBC}") = "View", "View\View.csproj", "{45AD6E6E-4B5E-4C82-AE68-C58B2B748275}"
EndProject
Project("{FAE04EC0-301F-11D3-BF4B-00C04F79EFBC}") = "Model", "Model\Model.csproj", "{FF9F55C9-53DF-4B3F-B7DD-2F37208D3135}"
EndProject
Project("{FAE04EC0-301F-11D3-BF4B-00C04F79EFBC}") = "Controller", "Controller\Controller.csproj", "{2302D178-8E24-43DE-AFE8-546F9BA1A906}"
	ProjectSection(ProjectDependencies) = postProject
		{45AD6E6E-4B5E-4C82-AE68-C58B2B748275} = {45AD6E6E-4B5E-4C82-AE68-C58B2B748275}
	EndProjectSection
EndProject
Global
	GlobalSection(SolutionConfigurationPlatforms) = preSolution
		Debug|Any CPU = Debug|Any CPU
		Debug|ARM = Debug|ARM
		Debug|ARM64 = Debug|ARM64
		Debug|x64 = Debug|x64
		Debug|x86 = Debug|x86
		Release|Any CPU = Release|Any CPU
		Release|ARM = Release|ARM
		Release|ARM64 = Release|ARM64
		Release|x64 = Release|x64
		Release|x86 = Release|x86
	EndGlobalSection
	GlobalSection(ProjectConfigurationPlatforms) = postSolution
		{45AD6E6E-4B5E-4C82-AE68-C58B2B748275}.Debug|Any CPU.ActiveCfg = Debug|Any CPU
		{45AD6E6E-4B5E-4C82-AE68-C58B2B748275}.Debug|Any CPU.Build.0 = Debug|Any CPU
		{45AD6E6E-4B5E-4C82-AE68-C58B2B748275}.Debug|ARM.ActiveCfg = Debug|Any CPU
		{45AD6E6E-4B5E-4C82-AE68-C58B2B748275}.Debug|ARM.Build.0 = Debug|Any CPU
		{45AD6E6E-4B5E-4C82-AE68-C58B2B748275}.Debug|ARM64.ActiveCfg = Debug|Any CPU
		{45AD6E6E-4B5E-4C82-AE68-C58B2B748275}.Debug|ARM64.Build.0 = Debug|Any CPU
		{45AD6E6E-4B5E-4C82-AE68-C58B2B748275}.Debug|x64.ActiveCfg = Debug|Any CPU
		{45AD6E6E-4B5E-4C82-AE68-C58B2B748275}.Debug|x64.Build.0 = Debug|Any CPU
		{45AD6E6E-4B5E-4C82-AE68-C58B2B748275}.Debug|x86.ActiveCfg = Debug|Any CPU
		{45AD6E6E-4B5E-4C82-AE68-C58B2B748275}.Debug|x86.Build.0 = Debug|Any CPU
		{45AD6E6E-4B5E-4C82-AE68-C58B2B748275}.Release|Any CPU.ActiveCfg = Release|Any CPU
		{45AD6E6E-4B5E-4C82-AE68-C58B2B748275}.Release|Any CPU.Build.0 = Release|Any CPU
		{45AD6E6E-4B5E-4C82-AE68-C58B2B748275}.Release|ARM.ActiveCfg = Release|Any CPU
		{45AD6E6E-4B5E-4C82-AE68-C58B2B748275}.Release|ARM.Build.0 = Release|Any CPU
		{45AD6E6E-4B5E-4C82-AE68-C58B2B748275}.Release|ARM64.ActiveCfg = Release|Any CPU
		{45AD6E6E-4B5E-4C82-AE68-C58B2B748275}.Release|ARM64.Build.0 = Release|Any CPU
		{45AD6E6E-4B5E-4C82-AE68-C58B2B748275}.Release|x64.ActiveCfg = Release|Any CPU
		{45AD6E6E-4B5E-4C82-AE68-C58B2B748275}.Release|x64.Build.0 = Release|Any CPU
		{45AD6E6E-4B5E-4C82-AE68-C58B2B748275}.Release|x86.ActiveCfg = Release|Any CPU
		{45AD6E6E-4B5E-4C82-AE68-C58B2B748275}.Release|x86.Build.0 = Release|Any CPU
		{FF9F55C9-53DF-4B3F-B7DD-2F37208D3135}.Debug|Any CPU.ActiveCfg = Debug|Any CPU
		{FF9F55C9-53DF-4B3F-B7DD-2F37208D3135}.Debug|Any CPU.Build.0 = Debug|Any CPU
		{FF9F55C9-53DF-4B3F-B7DD-2F37208D3135}.Debug|ARM.ActiveCfg = Debug|Any CPU
		{FF9F55C9-53DF-4B3F-B7DD-2F37208D3135}.Debug|ARM.Build.0 = Debug|Any CPU
		{FF9F55C9-53DF-4B3F-B7DD-2F37208D3135}.Debug|ARM64.ActiveCfg = Debug|Any CPU
		{FF9F55C9-53DF-4B3F-B7DD-2F37208D3135}.Debug|ARM64.Build.0 = Debug|Any CPU
		{FF9F55C9-53DF-4B3F-B7DD-2F37208D3135}.Debug|x64.ActiveCfg = Debug|Any CPU
		{FF9F55C9-53DF-4B3F-B7DD-2F37208D3135}.Debug|x64.Build.0 = Debug|Any CPU
		{FF9F55C9-53DF-4B3F-B7DD-2F37208D3135}.Debug|x86.ActiveCfg = Debug|Any CPU
		{FF9F55C9-53DF-4B3F-B7DD-2F37208D3135}.Debug|x86.Build.0 = Debug|Any CPU
		{FF9F55C9-53DF-4B3F-B7DD-2F37208D3135}.Release|Any CPU.ActiveCfg = Release|Any CPU
		{FF9F55C9-53DF-4B3F-B7DD-2F37208D3135}.Release|Any CPU.Build.0 = Release|Any CPU
		{FF9F55C9-53DF-4B3F-B7DD-2F37208D3135}.Release|ARM.ActiveCfg = Release|Any CPU
		{FF9F55C9-53DF-4B3F-B7DD-2F37208D3135}.Release|ARM.Build.0 = Release|Any CPU
		{FF9F55C9-53DF-4B3F-B7DD-2F37208D3135}.Release|ARM64.ActiveCfg = Release|Any CPU
		{FF9F55C9-53DF-4B3F-B7DD-2F37208D3135}.Release|ARM64.Build.0 = Release|Any CPU
		{FF9F55C9-53DF-4B3F-B7DD-2F37208D3135}.Release|x64.ActiveCfg = Release|Any CPU
		{FF9F55C9-53DF-4B3F-B7DD-2F37208D3135}.Release|x64.Build.0 = Release|Any CPU
		{FF9F55C9-53DF-4B3F-B7DD-2F37208D3135}.Release|x86.ActiveCfg = Release|Any CPU
		{FF9F55C9-53DF-4B3F-B7DD-2F37208D3135}.Release|x86.Build.0 = Release|Any CPU
		{2302D178-8E24-43DE-AFE8-546F9BA1A906}.Debug|Any CPU.ActiveCfg = Debug|Any CPU
		{2302D178-8E24-43DE-AFE8-546F9BA1A906}.Debug|Any CPU.Build.0 = Debug|Any CPU
		{2302D178-8E24-43DE-AFE8-546F9BA1A906}.Debug|ARM.ActiveCfg = Debug|Any CPU
		{2302D178-8E24-43DE-AFE8-546F9BA1A906}.Debug|ARM.Build.0 = Debug|Any CPU
		{2302D178-8E24-43DE-AFE8-546F9BA1A906}.Debug|ARM64.ActiveCfg = Debug|Any CPU
		{2302D178-8E24-43DE-AFE8-546F9BA1A906}.Debug|ARM64.Build.0 = Debug|Any CPU
		{2302D178-8E24-43DE-AFE8-546F9BA1A906}.Debug|x64.ActiveCfg = Debug|Any CPU
		{2302D178-8E24-43DE-AFE8-546F9BA1A906}.Debug|x64.Build.0 = Debug|Any CPU
		{2302D178-8E24-43DE-AFE8-546F9BA1A906}.Debug|x86.ActiveCfg = Debug|Any CPU
		{2302D178-8E24-43DE-AFE8-546F9BA1A906}.Debug|x86.Build.0 = Debug|Any CPU
		{2302D178-8E24-43DE-AFE8-546F9BA1A906}.Release|Any CPU.ActiveCfg = Release|Any CPU
		{2302D178-8E24-43DE-AFE8-546F9BA1A906}.Release|Any CPU.Build.0 = Release|Any CPU
		{2302D178-8E24-43DE-AFE8-546F9BA1A906}.Release|ARM.ActiveCfg = Release|Any CPU
		{2302D178-8E24-43DE-AFE8-546F9BA1A906}.Release|ARM.Build.0 = Release|Any CPU
		{2302D178-8E24-43DE-AFE8-546F9BA1A906}.Release|ARM64.ActiveCfg = Release|Any CPU
		{2302D178-8E24-43DE-AFE8-546F9BA1A906}.Release|ARM64.Build.0 = Release|Any CPU
		{2302D178-8E24-43DE-AFE8-546F9BA1A906}.Release|x64.ActiveCfg = Release|Any CPU
		{2302D178-8E24-43DE-AFE8-546F9BA1A906}.Release|x64.Build.0 = Release|Any CPU
		{2302D178-8E24-43DE-AFE8-546F9BA1A906}.Release|x86.ActiveCfg = Release|Any CPU
		{2302D178-8E24-43DE-AFE8-546F9BA1A906}.Release|x86.Build.0 = Release|Any CPU
	EndGlobalSection
	GlobalSection(SolutionProperties) = preSolution
		HideSolutionNode = FALSE
	EndGlobalSection
	GlobalSection(ExtensibilityGlobals) = postSolution
		SolutionGuid = {237705EE-CB1B-4F75-AB60-4DE0119CD12E}
	EndGlobalSection
EndGlobal
